// !$*UTF8*$!
{
	archiveVersion = 1;
	classes = {
	};
	objectVersion = 48;
	objects = {

/* Begin PBXBuildFile section */
		0633974E560D19F90E56A967 /* Pods_CDReader.framework in Frameworks */ = {isa = PBXBuildFile; fileRef = 58A2DBB4942DB58D83442C3A /* Pods_CDReader.framework */; };
		392CE17E1FF69E8600CE240D /* AppDelegate.swift in Sources */ = {isa = PBXBuildFile; fileRef = 392CE17D1FF69E8600CE240D /* AppDelegate.swift */; };
		392CE1831FF69E8600CE240D /* Main.storyboard in Resources */ = {isa = PBXBuildFile; fileRef = 392CE1811FF69E8600CE240D /* Main.storyboard */; };
		392CE1851FF69E8600CE240D /* Assets.xcassets in Resources */ = {isa = PBXBuildFile; fileRef = 392CE1841FF69E8600CE240D /* Assets.xcassets */; };
		392CE1881FF69E8600CE240D /* LaunchScreen.storyboard in Resources */ = {isa = PBXBuildFile; fileRef = 392CE1861FF69E8600CE240D /* LaunchScreen.storyboard */; };
		6B21AC741FFB63A700DA556C /* CDNavigationController.swift in Sources */ = {isa = PBXBuildFile; fileRef = 6B21AC731FFB63A700DA556C /* CDNavigationController.swift */; };
		6B21AC771FFB68FD00DA556C /* UIColorExtension.swift in Sources */ = {isa = PBXBuildFile; fileRef = 6B21AC761FFB68FD00DA556C /* UIColorExtension.swift */; };
		6B21AC791FFB87A600DA556C /* CDBaseViewController.swift in Sources */ = {isa = PBXBuildFile; fileRef = 6B21AC781FFB87A600DA556C /* CDBaseViewController.swift */; };
		6B21AC7B1FFB894E00DA556C /* Global.swift in Sources */ = {isa = PBXBuildFile; fileRef = 6B21AC7A1FFB894E00DA556C /* Global.swift */; };
		6B21AC7D1FFBAEA600DA556C /* CDTabBarController.swift in Sources */ = {isa = PBXBuildFile; fileRef = 6B21AC7C1FFBAEA600DA556C /* CDTabBarController.swift */; };
		6B93C2122005BBFA00595DB3 /* BookShelfVCtrl.swift in Sources */ = {isa = PBXBuildFile; fileRef = 6B93C2112005BBFA00595DB3 /* BookShelfVCtrl.swift */; };
/* End PBXBuildFile section */

/* Begin PBXFileReference section */
		392CE17A1FF69E8600CE240D /* CDReader.app */ = {isa = PBXFileReference; explicitFileType = wrapper.application; includeInIndex = 0; path = CDReader.app; sourceTree = BUILT_PRODUCTS_DIR; };
		392CE17D1FF69E8600CE240D /* AppDelegate.swift */ = {isa = PBXFileReference; lastKnownFileType = sourcecode.swift; path = AppDelegate.swift; sourceTree = "<group>"; };
		392CE1821FF69E8600CE240D /* Base */ = {isa = PBXFileReference; lastKnownFileType = file.storyboard; name = Base; path = Base.lproj/Main.storyboard; sourceTree = "<group>"; };
		392CE1841FF69E8600CE240D /* Assets.xcassets */ = {isa = PBXFileReference; lastKnownFileType = folder.assetcatalog; path = Assets.xcassets; sourceTree = "<group>"; };
		392CE1871FF69E8600CE240D /* Base */ = {isa = PBXFileReference; lastKnownFileType = file.storyboard; name = Base; path = Base.lproj/LaunchScreen.storyboard; sourceTree = "<group>"; };
		392CE1891FF69E8600CE240D /* Info.plist */ = {isa = PBXFileReference; lastKnownFileType = text.plist.xml; path = Info.plist; sourceTree = "<group>"; };
		4A1180C8F95F41D05B2D7CE6 /* Pods-CDReader.debug.xcconfig */ = {isa = PBXFileReference; includeInIndex = 1; lastKnownFileType = text.xcconfig; name = "Pods-CDReader.debug.xcconfig"; path = "Pods/Target Support Files/Pods-CDReader/Pods-CDReader.debug.xcconfig"; sourceTree = "<group>"; };
		58A2DBB4942DB58D83442C3A /* Pods_CDReader.framework */ = {isa = PBXFileReference; explicitFileType = wrapper.framework; includeInIndex = 0; path = Pods_CDReader.framework; sourceTree = BUILT_PRODUCTS_DIR; };
		6B21AC731FFB63A700DA556C /* CDNavigationController.swift */ = {isa = PBXFileReference; lastKnownFileType = sourcecode.swift; path = CDNavigationController.swift; sourceTree = "<group>"; };
		6B21AC761FFB68FD00DA556C /* UIColorExtension.swift */ = {isa = PBXFileReference; lastKnownFileType = sourcecode.swift; path = UIColorExtension.swift; sourceTree = "<group>"; };
		6B21AC781FFB87A600DA556C /* CDBaseViewController.swift */ = {isa = PBXFileReference; lastKnownFileType = sourcecode.swift; path = CDBaseViewController.swift; sourceTree = "<group>"; };
		6B21AC7A1FFB894E00DA556C /* Global.swift */ = {isa = PBXFileReference; lastKnownFileType = sourcecode.swift; path = Global.swift; sourceTree = "<group>"; };
		6B21AC7C1FFBAEA600DA556C /* CDTabBarController.swift */ = {isa = PBXFileReference; lastKnownFileType = sourcecode.swift; path = CDTabBarController.swift; sourceTree = "<group>"; };
		6B93C2112005BBFA00595DB3 /* BookShelfVCtrl.swift */ = {isa = PBXFileReference; lastKnownFileType = sourcecode.swift; path = BookShelfVCtrl.swift; sourceTree = "<group>"; };
		BFF77249B49274627BDCF7AB /* Pods-CDReader.release.xcconfig */ = {isa = PBXFileReference; includeInIndex = 1; lastKnownFileType = text.xcconfig; name = "Pods-CDReader.release.xcconfig"; path = "Pods/Target Support Files/Pods-CDReader/Pods-CDReader.release.xcconfig"; sourceTree = "<group>"; };
/* End PBXFileReference section */

/* Begin PBXFrameworksBuildPhase section */
		392CE1771FF69E8600CE240D /* Frameworks */ = {
			isa = PBXFrameworksBuildPhase;
			buildActionMask = 2147483647;
			files = (
				0633974E560D19F90E56A967 /* Pods_CDReader.framework in Frameworks */,
			);
			runOnlyForDeploymentPostprocessing = 0;
		};
/* End PBXFrameworksBuildPhase section */

/* Begin PBXGroup section */
		392CE1711FF69E8600CE240D = {
			isa = PBXGroup;
			children = (
				392CE17C1FF69E8600CE240D /* CDReader */,
				392CE17B1FF69E8600CE240D /* Products */,
				B909FFF712D1EF6BE7E94E2F /* Pods */,
				AEE04AF16775F0C88A89CFB3 /* Frameworks */,
			);
			sourceTree = "<group>";
		};
		392CE17B1FF69E8600CE240D /* Products */ = {
			isa = PBXGroup;
			children = (
				392CE17A1FF69E8600CE240D /* CDReader.app */,
			);
			name = Products;
			sourceTree = "<group>";
		};
		392CE17C1FF69E8600CE240D /* CDReader */ = {
			isa = PBXGroup;
			children = (
				6B93C2102005BBAC00595DB3 /* Home */,
				6B21AC7E1FFF719700DA556C /* Resources */,
				6B21AC751FFB68DC00DA556C /* Extension */,
				6B21AC721FFB638100DA556C /* Base */,
			);
			path = CDReader;
			sourceTree = "<group>";
		};
		6B21AC721FFB638100DA556C /* Base */ = {
			isa = PBXGroup;
			children = (
				392CE17D1FF69E8600CE240D /* AppDelegate.swift */,
				6B21AC731FFB63A700DA556C /* CDNavigationController.swift */,
				6B21AC781FFB87A600DA556C /* CDBaseViewController.swift */,
				6B21AC7C1FFBAEA600DA556C /* CDTabBarController.swift */,
			);
			path = Base;
			sourceTree = "<group>";
		};
		6B21AC751FFB68DC00DA556C /* Extension */ = {
			isa = PBXGroup;
			children = (
				6B21AC761FFB68FD00DA556C /* UIColorExtension.swift */,
			);
			path = Extension;
			sourceTree = "<group>";
		};
		6B21AC7E1FFF719700DA556C /* Resources */ = {
			isa = PBXGroup;
			children = (
				392CE1811FF69E8600CE240D /* Main.storyboard */,
				392CE1841FF69E8600CE240D /* Assets.xcassets */,
				392CE1861FF69E8600CE240D /* LaunchScreen.storyboard */,
				392CE1891FF69E8600CE240D /* Info.plist */,
				6B21AC7A1FFB894E00DA556C /* Global.swift */,
			);
			path = Resources;
			sourceTree = "<group>";
		};
		6B93C2102005BBAC00595DB3 /* Home */ = {
			isa = PBXGroup;
			children = (
				6B93C2112005BBFA00595DB3 /* BookShelfVCtrl.swift */,
			);
			path = Home;
			sourceTree = "<group>";
		};
		AEE04AF16775F0C88A89CFB3 /* Frameworks */ = {
			isa = PBXGroup;
			children = (
				58A2DBB4942DB58D83442C3A /* Pods_CDReader.framework */,
			);
			name = Frameworks;
			sourceTree = "<group>";
		};
		B909FFF712D1EF6BE7E94E2F /* Pods */ = {
			isa = PBXGroup;
			children = (
				4A1180C8F95F41D05B2D7CE6 /* Pods-CDReader.debug.xcconfig */,
				BFF77249B49274627BDCF7AB /* Pods-CDReader.release.xcconfig */,
			);
			name = Pods;
			sourceTree = "<group>";
		};
/* End PBXGroup section */

/* Begin PBXNativeTarget section */
		392CE1791FF69E8600CE240D /* CDReader */ = {
			isa = PBXNativeTarget;
			buildConfigurationList = 392CE18C1FF69E8600CE240D /* Build configuration list for PBXNativeTarget "CDReader" */;
			buildPhases = (
				F2E3B4AD9F21220C488A39B1 /* [CP] Check Pods Manifest.lock */,
				392CE1761FF69E8600CE240D /* Sources */,
				392CE1771FF69E8600CE240D /* Frameworks */,
				392CE1781FF69E8600CE240D /* Resources */,
				67A3A87EA0D48A18B697C3B4 /* [CP] Embed Pods Frameworks */,
				2509B5C68B26D161D504EA9A /* [CP] Copy Pods Resources */,
			);
			buildRules = (
			);
			dependencies = (
			);
			name = CDReader;
			productName = CDReader;
			productReference = 392CE17A1FF69E8600CE240D /* CDReader.app */;
			productType = "com.apple.product-type.application";
		};
/* End PBXNativeTarget section */

/* Begin PBXProject section */
		392CE1721FF69E8600CE240D /* Project object */ = {
			isa = PBXProject;
			attributes = {
				LastSwiftUpdateCheck = 0900;
				LastUpgradeCheck = 0900;
				ORGANIZATIONNAME = nan;
				TargetAttributes = {
					392CE1791FF69E8600CE240D = {
						CreatedOnToolsVersion = 9.0;
						ProvisioningStyle = Automatic;
					};
				};
			};
			buildConfigurationList = 392CE1751FF69E8600CE240D /* Build configuration list for PBXProject "CDReader" */;
			compatibilityVersion = "Xcode 8.0";
			developmentRegion = en;
			hasScannedForEncodings = 0;
			knownRegions = (
				en,
				Base,
			);
			mainGroup = 392CE1711FF69E8600CE240D;
			productRefGroup = 392CE17B1FF69E8600CE240D /* Products */;
			projectDirPath = "";
			projectRoot = "";
			targets = (
				392CE1791FF69E8600CE240D /* CDReader */,
			);
		};
/* End PBXProject section */

/* Begin PBXResourcesBuildPhase section */
		392CE1781FF69E8600CE240D /* Resources */ = {
			isa = PBXResourcesBuildPhase;
			buildActionMask = 2147483647;
			files = (
				392CE1881FF69E8600CE240D /* LaunchScreen.storyboard in Resources */,
				392CE1851FF69E8600CE240D /* Assets.xcassets in Resources */,
				392CE1831FF69E8600CE240D /* Main.storyboard in Resources */,
			);
			runOnlyForDeploymentPostprocessing = 0;
		};
/* End PBXResourcesBuildPhase section */

/* Begin PBXShellScriptBuildPhase section */
		2509B5C68B26D161D504EA9A /* [CP] Copy Pods Resources */ = {
			isa = PBXShellScriptBuildPhase;
			buildActionMask = 2147483647;
			files = (
			);
			inputPaths = (
			);
			name = "[CP] Copy Pods Resources";
			outputPaths = (
			);
			runOnlyForDeploymentPostprocessing = 0;
			shellPath = /bin/sh;
			shellScript = "\"${SRCROOT}/Pods/Target Support Files/Pods-CDReader/Pods-CDReader-resources.sh\"\n";
			showEnvVarsInLog = 0;
		};
		67A3A87EA0D48A18B697C3B4 /* [CP] Embed Pods Frameworks */ = {
			isa = PBXShellScriptBuildPhase;
			buildActionMask = 2147483647;
			files = (
			);
			inputPaths = (
				"${SRCROOT}/Pods/Target Support Files/Pods-CDReader/Pods-CDReader-frameworks.sh",
				"${BUILT_PRODUCTS_DIR}/Alamofire/Alamofire.framework",
				"${BUILT_PRODUCTS_DIR}/Kingfisher/Kingfisher.framework",
				"${BUILT_PRODUCTS_DIR}/MBProgressHUD/MBProgressHUD.framework",
				"${BUILT_PRODUCTS_DIR}/MJRefresh/MJRefresh.framework",
				"${BUILT_PRODUCTS_DIR}/Moya/Moya.framework",
				"${BUILT_PRODUCTS_DIR}/Result/Result.framework",
				"${BUILT_PRODUCTS_DIR}/Reusable/Reusable.framework",
				"${BUILT_PRODUCTS_DIR}/SnapKit/SnapKit.framework",
				"${BUILT_PRODUCTS_DIR}/SwiftyJSON/SwiftyJSON.framework",
				"${BUILT_PRODUCTS_DIR}/Then/Then.framework",
			);
			name = "[CP] Embed Pods Frameworks";
			outputPaths = (
				"${TARGET_BUILD_DIR}/${FRAMEWORKS_FOLDER_PATH}/Alamofire.framework",
				"${TARGET_BUILD_DIR}/${FRAMEWORKS_FOLDER_PATH}/Kingfisher.framework",
				"${TARGET_BUILD_DIR}/${FRAMEWORKS_FOLDER_PATH}/MBProgressHUD.framework",
				"${TARGET_BUILD_DIR}/${FRAMEWORKS_FOLDER_PATH}/MJRefresh.framework",
				"${TARGET_BUILD_DIR}/${FRAMEWORKS_FOLDER_PATH}/Moya.framework",
				"${TARGET_BUILD_DIR}/${FRAMEWORKS_FOLDER_PATH}/Result.framework",
				"${TARGET_BUILD_DIR}/${FRAMEWORKS_FOLDER_PATH}/Reusable.framework",
				"${TARGET_BUILD_DIR}/${FRAMEWORKS_FOLDER_PATH}/SnapKit.framework",
				"${TARGET_BUILD_DIR}/${FRAMEWORKS_FOLDER_PATH}/SwiftyJSON.framework",
				"${TARGET_BUILD_DIR}/${FRAMEWORKS_FOLDER_PATH}/Then.framework",
			);
			runOnlyForDeploymentPostprocessing = 0;
			shellPath = /bin/sh;
			shellScript = "\"${SRCROOT}/Pods/Target Support Files/Pods-CDReader/Pods-CDReader-frameworks.sh\"\n";
			showEnvVarsInLog = 0;
		};
		F2E3B4AD9F21220C488A39B1 /* [CP] Check Pods Manifest.lock */ = {
			isa = PBXShellScriptBuildPhase;
			buildActionMask = 2147483647;
			files = (
			);
			inputPaths = (
				"${PODS_PODFILE_DIR_PATH}/Podfile.lock",
				"${PODS_ROOT}/Manifest.lock",
			);
			name = "[CP] Check Pods Manifest.lock";
			outputPaths = (
				"$(DERIVED_FILE_DIR)/Pods-CDReader-checkManifestLockResult.txt",
			);
			runOnlyForDeploymentPostprocessing = 0;
			shellPath = /bin/sh;
			shellScript = "diff \"${PODS_PODFILE_DIR_PATH}/Podfile.lock\" \"${PODS_ROOT}/Manifest.lock\" > /dev/null\nif [ $? != 0 ] ; then\n    # print error to STDERR\n    echo \"error: The sandbox is not in sync with the Podfile.lock. Run 'pod install' or update your CocoaPods installation.\" >&2\n    exit 1\nfi\n# This output is used by Xcode 'outputs' to avoid re-running this script phase.\necho \"SUCCESS\" > \"${SCRIPT_OUTPUT_FILE_0}\"\n";
			showEnvVarsInLog = 0;
		};
/* End PBXShellScriptBuildPhase section */

/* Begin PBXSourcesBuildPhase section */
		392CE1761FF69E8600CE240D /* Sources */ = {
			isa = PBXSourcesBuildPhase;
			buildActionMask = 2147483647;
			files = (
				6B21AC791FFB87A600DA556C /* CDBaseViewController.swift in Sources */,
				6B21AC7B1FFB894E00DA556C /* Global.swift in Sources */,
				6B21AC771FFB68FD00DA556C /* UIColorExtension.swift in Sources */,
				392CE17E1FF69E8600CE240D /* AppDelegate.swift in Sources */,
				6B21AC7D1FFBAEA600DA556C /* CDTabBarController.swift in Sources */,
				6B21AC741FFB63A700DA556C /* CDNavigationController.swift in Sources */,
				6B93C2122005BBFA00595DB3 /* BookShelfVCtrl.swift in Sources */,
			);
			runOnlyForDeploymentPostprocessing = 0;
		};
/* End PBXSourcesBuildPhase section */

/* Begin PBXVariantGroup section */
		392CE1811FF69E8600CE240D /* Main.storyboard */ = {
			isa = PBXVariantGroup;
			children = (
				392CE1821FF69E8600CE240D /* Base */,
			);
			name = Main.storyboard;
			sourceTree = "<group>";
		};
		392CE1861FF69E8600CE240D /* LaunchScreen.storyboard */ = {
			isa = PBXVariantGroup;
			children = (
				392CE1871FF69E8600CE240D /* Base */,
			);
			name = LaunchScreen.storyboard;
			sourceTree = "<group>";
		};
/* End PBXVariantGroup section */

/* Begin XCBuildConfiguration section */
		392CE18A1FF69E8600CE240D /* Debug */ = {
			isa = XCBuildConfiguration;
			buildSettings = {
				ALWAYS_SEARCH_USER_PATHS = NO;
				CLANG_ANALYZER_NONNULL = YES;
				CLANG_ANALYZER_NUMBER_OBJECT_CONVERSION = YES_AGGRESSIVE;
				CLANG_CXX_LANGUAGE_STANDARD = "gnu++14";
				CLANG_CXX_LIBRARY = "libc++";
				CLANG_ENABLE_MODULES = YES;
				CLANG_ENABLE_OBJC_ARC = YES;
				CLANG_WARN_BLOCK_CAPTURE_AUTORELEASING = YES;
				CLANG_WARN_BOOL_CONVERSION = YES;
				CLANG_WARN_COMMA = YES;
				CLANG_WARN_CONSTANT_CONVERSION = YES;
				CLANG_WARN_DIRECT_OBJC_ISA_USAGE = YES_ERROR;
				CLANG_WARN_DOCUMENTATION_COMMENTS = YES;
				CLANG_WARN_EMPTY_BODY = YES;
				CLANG_WARN_ENUM_CONVERSION = YES;
				CLANG_WARN_INFINITE_RECURSION = YES;
				CLANG_WARN_INT_CONVERSION = YES;
				CLANG_WARN_NON_LITERAL_NULL_CONVERSION = YES;
				CLANG_WARN_OBJC_LITERAL_CONVERSION = YES;
				CLANG_WARN_OBJC_ROOT_CLASS = YES_ERROR;
				CLANG_WARN_RANGE_LOOP_ANALYSIS = YES;
				CLANG_WARN_STRICT_PROTOTYPES = YES;
				CLANG_WARN_SUSPICIOUS_MOVE = YES;
				CLANG_WARN_UNGUARDED_AVAILABILITY = YES_AGGRESSIVE;
				CLANG_WARN_UNREACHABLE_CODE = YES;
				CLANG_WARN__DUPLICATE_METHOD_MATCH = YES;
				CODE_SIGN_IDENTITY = "iPhone Developer";
				COPY_PHASE_STRIP = NO;
				DEBUG_INFORMATION_FORMAT = dwarf;
				ENABLE_STRICT_OBJC_MSGSEND = YES;
				ENABLE_TESTABILITY = YES;
				GCC_C_LANGUAGE_STANDARD = gnu11;
				GCC_DYNAMIC_NO_PIC = NO;
				GCC_NO_COMMON_BLOCKS = YES;
				GCC_OPTIMIZATION_LEVEL = 0;
				GCC_PREPROCESSOR_DEFINITIONS = (
					"DEBUG=1",
					"$(inherited)",
				);
				GCC_WARN_64_TO_32_BIT_CONVERSION = YES;
				GCC_WARN_ABOUT_RETURN_TYPE = YES_ERROR;
				GCC_WARN_UNDECLARED_SELECTOR = YES;
				GCC_WARN_UNINITIALIZED_AUTOS = YES_AGGRESSIVE;
				GCC_WARN_UNUSED_FUNCTION = YES;
				GCC_WARN_UNUSED_VARIABLE = YES;
				IPHONEOS_DEPLOYMENT_TARGET = 11.0;
				MTL_ENABLE_DEBUG_INFO = YES;
				ONLY_ACTIVE_ARCH = YES;
				SDKROOT = iphoneos;
				SWIFT_ACTIVE_COMPILATION_CONDITIONS = DEBUG;
				SWIFT_OPTIMIZATION_LEVEL = "-Onone";
			};
			name = Debug;
		};
		392CE18B1FF69E8600CE240D /* Release */ = {
			isa = XCBuildConfiguration;
			buildSettings = {
				ALWAYS_SEARCH_USER_PATHS = NO;
				CLANG_ANALYZER_NONNULL = YES;
				CLANG_ANALYZER_NUMBER_OBJECT_CONVERSION = YES_AGGRESSIVE;
				CLANG_CXX_LANGUAGE_STANDARD = "gnu++14";
				CLANG_CXX_LIBRARY = "libc++";
				CLANG_ENABLE_MODULES = YES;
				CLANG_ENABLE_OBJC_ARC = YES;
				CLANG_WARN_BLOCK_CAPTURE_AUTORELEASING = YES;
				CLANG_WARN_BOOL_CONVERSION = YES;
				CLANG_WARN_COMMA = YES;
				CLANG_WARN_CONSTANT_CONVERSION = YES;
				CLANG_WARN_DIRECT_OBJC_ISA_USAGE = YES_ERROR;
				CLANG_WARN_DOCUMENTATION_COMMENTS = YES;
				CLANG_WARN_EMPTY_BODY = YES;
				CLANG_WARN_ENUM_CONVERSION = YES;
				CLANG_WARN_INFINITE_RECURSION = YES;
				CLANG_WARN_INT_CONVERSION = YES;
				CLANG_WARN_NON_LITERAL_NULL_CONVERSION = YES;
				CLANG_WARN_OBJC_LITERAL_CONVERSION = YES;
				CLANG_WARN_OBJC_ROOT_CLASS = YES_ERROR;
				CLANG_WARN_RANGE_LOOP_ANALYSIS = YES;
				CLANG_WARN_STRICT_PROTOTYPES = YES;
				CLANG_WARN_SUSPICIOUS_MOVE = YES;
				CLANG_WARN_UNGUARDED_AVAILABILITY = YES_AGGRESSIVE;
				CLANG_WARN_UNREACHABLE_CODE = YES;
				CLANG_WARN__DUPLICATE_METHOD_MATCH = YES;
				CODE_SIGN_IDENTITY = "iPhone Developer";
				COPY_PHASE_STRIP = NO;
				DEBUG_INFORMATION_FORMAT = "dwarf-with-dsym";
				ENABLE_NS_ASSERTIONS = NO;
				ENABLE_STRICT_OBJC_MSGSEND = YES;
				GCC_C_LANGUAGE_STANDARD = gnu11;
				GCC_NO_COMMON_BLOCKS = YES;
				GCC_WARN_64_TO_32_BIT_CONVERSION = YES;
				GCC_WARN_ABOUT_RETURN_TYPE = YES_ERROR;
				GCC_WARN_UNDECLARED_SELECTOR = YES;
				GCC_WARN_UNINITIALIZED_AUTOS = YES_AGGRESSIVE;
				GCC_WARN_UNUSED_FUNCTION = YES;
				GCC_WARN_UNUSED_VARIABLE = YES;
				IPHONEOS_DEPLOYMENT_TARGET = 11.0;
				MTL_ENABLE_DEBUG_INFO = NO;
				SDKROOT = iphoneos;
				SWIFT_OPTIMIZATION_LEVEL = "-Owholemodule";
				VALIDATE_PRODUCT = YES;
			};
			name = Release;
		};
		392CE18D1FF69E8600CE240D /* Debug */ = {
			isa = XCBuildConfiguration;
			baseConfigurationReference = 4A1180C8F95F41D05B2D7CE6 /* Pods-CDReader.debug.xcconfig */;
			buildSettings = {
				ASSETCATALOG_COMPILER_APPICON_NAME = AppIcon;
				CODE_SIGN_STYLE = Automatic;
				INFOPLIST_FILE = CDReader/Resources/Info.plist;
				LD_RUNPATH_SEARCH_PATHS = "$(inherited) @executable_path/Frameworks";
				PRODUCT_BUNDLE_IDENTIFIER = yz.CDReader;
				PRODUCT_NAME = "$(TARGET_NAME)";
				SWIFT_VERSION = 4.0;
				TARGETED_DEVICE_FAMILY = "1,2";
			};
			name = Debug;
		};
		392CE18E1FF69E8600CE240D /* Release */ = {
			isa = XCBuildConfiguration;
			baseConfigurationReference = BFF77249B49274627BDCF7AB /* Pods-CDReader.release.xcconfig */;
			buildSettings = {
				ASSETCATALOG_COMPILER_APPICON_NAME = AppIcon;
				CODE_SIGN_STYLE = Automatic;
				INFOPLIST_FILE = CDReader/Resources/Info.plist;
				LD_RUNPATH_SEARCH_PATHS = "$(inherited) @executable_path/Frameworks";
				PRODUCT_BUNDLE_IDENTIFIER = yz.CDReader;
				PRODUCT_NAME = "$(TARGET_NAME)";
				SWIFT_VERSION = 4.0;
				TARGETED_DEVICE_FAMILY = "1,2";
			};
			name = Release;
		};
/* End XCBuildConfiguration section */

/* Begin XCConfigurationList section */
		392CE1751FF69E8600CE240D /* Build configuration list for PBXProject "CDReader" */ = {
			isa = XCConfigurationList;
			buildConfigurations = (
				392CE18A1FF69E8600CE240D /* Debug */,
				392CE18B1FF69E8600CE240D /* Release */,
			);
			defaultConfigurationIsVisible = 0;
			defaultConfigurationName = Release;
		};
		392CE18C1FF69E8600CE240D /* Build configuration list for PBXNativeTarget "CDReader" */ = {
			isa = XCConfigurationList;
			buildConfigurations = (
				392CE18D1FF69E8600CE240D /* Debug */,
				392CE18E1FF69E8600CE240D /* Release */,
			);
			defaultConfigurationIsVisible = 0;
			defaultConfigurationName = Release;
		};
/* End XCConfigurationList section */
	};
	rootObject = 392CE1721FF69E8600CE240D /* Project object */;
}
